
Microsoft Visual Studio Solution File, Format Version 12.00
# Visual Studio Version 17
VisualStudioVersion = 17.5.33502.453
MinimumVisualStudioVersion = 10.0.40219.1
Project("{FAE04EC0-301F-11D3-BF4B-00C04F79EFBC}") = "DataAccessLayer", "DataAccessLayer\DataAccessLayer.csproj", "{4816F2BD-9248-45AC-9339-E47137122CE7}"
EndProject
Project("{FAE04EC0-301F-11D3-BF4B-00C04F79EFBC}") = "DAL", "DAL\DAL.csproj", "{F00B95D9-FA9C-4533-8DF1-4857BAE17944}"
EndProject
Project("{FAE04EC0-301F-11D3-BF4B-00C04F79EFBC}") = "BLL", "BLL\BLL.csproj", "{13A1D92E-8A4F-4F67-A191-C2AF2AA4DB5E}"
EndProject
Project("{FAE04EC0-301F-11D3-BF4B-00C04F79EFBC}") = "API", "API\API.csproj", "{A0D5E244-80C7-42A4-B847-57B556703D63}"
EndProject
Project("{FAE04EC0-301F-11D3-BF4B-00C04F79EFBC}") = "ML", "ML\ML.csproj", "{3821D4D8-DB11-4026-A588-7CC111F6567A}"
EndProject
Global
	GlobalSection(SolutionConfigurationPlatforms) = preSolution
		Debug|Any CPU = Debug|Any CPU
		Release|Any CPU = Release|Any CPU
	EndGlobalSection
	GlobalSection(ProjectConfigurationPlatforms) = postSolution
		{4816F2BD-9248-45AC-9339-E47137122CE7}.Debug|Any CPU.ActiveCfg = Debug|Any CPU
		{4816F2BD-9248-45AC-9339-E47137122CE7}.Debug|Any CPU.Build.0 = Debug|Any CPU
		{4816F2BD-9248-45AC-9339-E47137122CE7}.Release|Any CPU.ActiveCfg = Release|Any CPU
		{4816F2BD-9248-45AC-9339-E47137122CE7}.Release|Any CPU.Build.0 = Release|Any CPU
		{F00B95D9-FA9C-4533-8DF1-4857BAE17944}.Debug|Any CPU.ActiveCfg = Debug|Any CPU
		{F00B95D9-FA9C-4533-8DF1-4857BAE17944}.Debug|Any CPU.Build.0 = Debug|Any CPU
		{F00B95D9-FA9C-4533-8DF1-4857BAE17944}.Release|Any CPU.ActiveCfg = Release|Any CPU
		{F00B95D9-FA9C-4533-8DF1-4857BAE17944}.Release|Any CPU.Build.0 = Release|Any CPU
		{13A1D92E-8A4F-4F67-A191-C2AF2AA4DB5E}.Debug|Any CPU.ActiveCfg = Debug|Any CPU
		{13A1D92E-8A4F-4F67-A191-C2AF2AA4DB5E}.Debug|Any CPU.Build.0 = Debug|Any CPU
		{13A1D92E-8A4F-4F67-A191-C2AF2AA4DB5E}.Release|Any CPU.ActiveCfg = Release|Any CPU
		{13A1D92E-8A4F-4F67-A191-C2AF2AA4DB5E}.Release|Any CPU.Build.0 = Release|Any CPU
		{A0D5E244-80C7-42A4-B847-57B556703D63}.Debug|Any CPU.ActiveCfg = Debug|Any CPU
		{A0D5E244-80C7-42A4-B847-57B556703D63}.Debug|Any CPU.Build.0 = Debug|Any CPU
		{A0D5E244-80C7-42A4-B847-57B556703D63}.Release|Any CPU.ActiveCfg = Release|Any CPU
		{A0D5E244-80C7-42A4-B847-57B556703D63}.Release|Any CPU.Build.0 = Release|Any CPU
		{3821D4D8-DB11-4026-A588-7CC111F6567A}.Debug|Any CPU.ActiveCfg = Debug|Any CPU
		{3821D4D8-DB11-4026-A588-7CC111F6567A}.Debug|Any CPU.Build.0 = Debug|Any CPU
		{3821D4D8-DB11-4026-A588-7CC111F6567A}.Release|Any CPU.ActiveCfg = Release|Any CPU
		{3821D4D8-DB11-4026-A588-7CC111F6567A}.Release|Any CPU.Build.0 = Release|Any CPU
	EndGlobalSection
	GlobalSection(SolutionProperties) = preSolution
		HideSolutionNode = FALSE
	EndGlobalSection
	GlobalSection(ExtensibilityGlobals) = postSolution
		SolutionGuid = {17663106-1FC5-422E-B778-B232836360DD}
	EndGlobalSection
EndGlobal
